
Microsoft Visual Studio Solution File, Format Version 12.00
# Visual Studio Version 17
VisualStudioVersion = 17.0.31903.59
MinimumVisualStudioVersion = 10.0.40219.1
Project("{FAE04EC0-301F-11D3-BF4B-00C04F79EFBC}") = "Задание 1 УП", "Задание 1 УП\Задание 1 УП.csproj", "{3642BB77-820F-44C3-916E-9F610DAAB13D}"
EndProject
Global
	GlobalSection(SolutionConfigurationPlatforms) = preSolution
		Debug|Any CPU = Debug|Any CPU
		Release|Any CPU = Release|Any CPU
	EndGlobalSection
	GlobalSection(ProjectConfigurationPlatforms) = postSolution
		{3642BB77-820F-44C3-916E-9F610DAAB13D}.Debug|Any CPU.ActiveCfg = Debug|Any CPU
		{3642BB77-820F-44C3-916E-9F610DAAB13D}.Debug|Any CPU.Build.0 = Debug|Any CPU
		{3642BB77-820F-44C3-916E-9F610DAAB13D}.Release|Any CPU.ActiveCfg = Release|Any CPU
		{3642BB77-820F-44C3-916E-9F610DAAB13D}.Release|Any CPU.Build.0 = Release|Any CPU
	EndGlobalSection
	GlobalSection(SolutionProperties) = preSolution
		HideSolutionNode = FALSE
	EndGlobalSection
	GlobalSection(ExtensibilityGlobals) = postSolution
		SolutionGuid = {94785AD4-859A-40BA-8132-E5D68AD58BBA}
	EndGlobalSection
EndGlobal
